
Microsoft Visual Studio Solution File, Format Version 12.00
# Visual Studio Version 16
VisualStudioVersion = 16.0.31005.135
MinimumVisualStudioVersion = 10.0.40219.1
Project("{FAE04EC0-301F-11D3-BF4B-00C04F79EFBC}") = "ignite-client", "ignite-client\ignite-client.csproj", "{2C2C4F95-86C7-4A17-AF9F-67FD2A83EFD5}"
EndProject
Global
	GlobalSection(SolutionConfigurationPlatforms) = preSolution
		Debug|Any CPU = Debug|Any CPU
		Release|Any CPU = Release|Any CPU
	EndGlobalSection
	GlobalSection(ProjectConfigurationPlatforms) = postSolution
		{2C2C4F95-86C7-4A17-AF9F-67FD2A83EFD5}.Debug|Any CPU.ActiveCfg = Debug|Any CPU
		{2C2C4F95-86C7-4A17-AF9F-67FD2A83EFD5}.Debug|Any CPU.Build.0 = Debug|Any CPU
		{2C2C4F95-86C7-4A17-AF9F-67FD2A83EFD5}.Release|Any CPU.ActiveCfg = Release|Any CPU
		{2C2C4F95-86C7-4A17-AF9F-67FD2A83EFD5}.Release|Any CPU.Build.0 = Release|Any CPU
	EndGlobalSection
	GlobalSection(SolutionProperties) = preSolution
		HideSolutionNode = FALSE
	EndGlobalSection
	GlobalSection(ExtensibilityGlobals) = postSolution
		SolutionGuid = {98269E98-1544-4F3F-8B0B-5AFBEBEDC65A}
	EndGlobalSection
EndGlobal
